
Microsoft Visual Studio Solution File, Format Version 12.00
# Visual Studio 15
VisualStudioVersion = 15.0.28307.168
MinimumVisualStudioVersion = 10.0.40219.1
Project("{FAE04EC0-301F-11D3-BF4B-00C04F79EFBC}") = "Mesa RPG.Android", "Mesa RPG\Mesa RPG.Android\Mesa RPG.Android.csproj", "{9AC124DD-AD33-4E0B-B963-86A46C31C28F}"
EndProject
Project("{FAE04EC0-301F-11D3-BF4B-00C04F79EFBC}") = "Mesa RPG", "Mesa RPG\Mesa RPG\Mesa RPG.csproj", "{4CFDACCA-4198-4686-A638-B113F6AD28DA}"
EndProject
Global
	GlobalSection(SolutionConfigurationPlatforms) = preSolution
		Debug|Any CPU = Debug|Any CPU
		Release|Any CPU = Release|Any CPU
	EndGlobalSection
	GlobalSection(ProjectConfigurationPlatforms) = postSolution
		{9AC124DD-AD33-4E0B-B963-86A46C31C28F}.Debug|Any CPU.ActiveCfg = Debug|Any CPU
		{9AC124DD-AD33-4E0B-B963-86A46C31C28F}.Debug|Any CPU.Build.0 = Debug|Any CPU
		{9AC124DD-AD33-4E0B-B963-86A46C31C28F}.Debug|Any CPU.Deploy.0 = Debug|Any CPU
		{9AC124DD-AD33-4E0B-B963-86A46C31C28F}.Release|Any CPU.ActiveCfg = Release|Any CPU
		{9AC124DD-AD33-4E0B-B963-86A46C31C28F}.Release|Any CPU.Build.0 = Release|Any CPU
		{9AC124DD-AD33-4E0B-B963-86A46C31C28F}.Release|Any CPU.Deploy.0 = Release|Any CPU
		{4CFDACCA-4198-4686-A638-B113F6AD28DA}.Debug|Any CPU.ActiveCfg = Debug|Any CPU
		{4CFDACCA-4198-4686-A638-B113F6AD28DA}.Debug|Any CPU.Build.0 = Debug|Any CPU
		{4CFDACCA-4198-4686-A638-B113F6AD28DA}.Debug|Any CPU.Deploy.0 = Debug|Any CPU
		{4CFDACCA-4198-4686-A638-B113F6AD28DA}.Release|Any CPU.ActiveCfg = Release|Any CPU
		{4CFDACCA-4198-4686-A638-B113F6AD28DA}.Release|Any CPU.Build.0 = Release|Any CPU
		{4CFDACCA-4198-4686-A638-B113F6AD28DA}.Release|Any CPU.Deploy.0 = Release|Any CPU
	EndGlobalSection
	GlobalSection(SolutionProperties) = preSolution
		HideSolutionNode = FALSE
	EndGlobalSection
	GlobalSection(ExtensibilityGlobals) = postSolution
		SolutionGuid = {9A75011A-C021-4A76-9B28-B0EE547BDD71}
	EndGlobalSection
EndGlobal
